
Microsoft Visual Studio Solution File, Format Version 12.00
# Visual Studio Version 17
VisualStudioVersion = 17.5.33414.496
MinimumVisualStudioVersion = 10.0.40219.1
Project("{8BC9CEB8-8B4A-11D0-8D11-00A0C91BC942}") = "PENTAGONO 1 ESPECIE", "Practica 2-3-2\Practica 2-3-2.vcxproj", "{750130F0-A5AA-4BE2-AE25-476D4FE6E417}"
EndProject
Project("{8BC9CEB8-8B4A-11D0-8D11-00A0C91BC942}") = "EPTÓGONO 1 ESPECIE", "EPTÓGONO 1 ESPECIE\EPTÓGONO 1 ESPECIE.vcxproj", "{660DF0A0-E1FA-46FB-BF1C-2743FEC1DE26}"
EndProject
Project("{8BC9CEB8-8B4A-11D0-8D11-00A0C91BC942}") = "EPTOGONO 2 ESPECIE", "EPTOGONO 2 ESPECIE\EPTOGONO 2 ESPECIE.vcxproj", "{147A20FD-D00C-4156-ACB1-399E1D6170CA}"
EndProject
Project("{8BC9CEB8-8B4A-11D0-8D11-00A0C91BC942}") = "OCTOGONO 2 ESPECIE", "OCTOGONO 2 ESPECIE\OCTOGONO 2 ESPECIE.vcxproj", "{F98131EF-A4EA-4DA8-8A8B-29825932C299}"
EndProject
Project("{8BC9CEB8-8B4A-11D0-8D11-00A0C91BC942}") = "ENEAGONO 1 ESPECIE", "ENEAGONO 1 ESPECIE\ENEAGONO 1 ESPECIE.vcxproj", "{6BAFC852-0D38-4360-99EF-40DED3C766B1}"
EndProject
Project("{8BC9CEB8-8B4A-11D0-8D11-00A0C91BC942}") = "ENEAGONO 2 ESPECIE", "ENEAGONO 2 ESPECIE\ENEAGONO 2 ESPECIE.vcxproj", "{1797B220-D206-4E89-9D74-664DB53C7287}"
EndProject
Project("{8BC9CEB8-8B4A-11D0-8D11-00A0C91BC942}") = "DECAGONO 2 ESPECIE", "DECAGONO 2 ESPECIE\DECAGONO 2 ESPECIE.vcxproj", "{5985947B-5B17-4537-8DF4-A38155810400}"
EndProject
Project("{8BC9CEB8-8B4A-11D0-8D11-00A0C91BC942}") = "ONCELADOS 1 ESPECIE", "ONCELADOS 1 ESPECIE\ONCELADOS 1 ESPECIE.vcxproj", "{F1EEB04B-B892-49FB-B162-E13701CFBF30}"
EndProject
Project("{8BC9CEB8-8B4A-11D0-8D11-00A0C91BC942}") = "ONCELADOS 3 ESPECIE", "ONCELADOS 3 ESPECIE\ONCELADOS 3 ESPECIE.vcxproj", "{6F6F315C-FE85-40BF-8ACA-3DA71C676EAB}"
EndProject
Project("{8BC9CEB8-8B4A-11D0-8D11-00A0C91BC942}") = "ONCELADOS 4 ESPECIE", "ONCELADOS 4 ESPECIE\ONCELADOS 4 ESPECIE.vcxproj", "{E104FD4D-01DC-4221-9042-A984BFAE1308}"
EndProject
Project("{8BC9CEB8-8B4A-11D0-8D11-00A0C91BC942}") = "ONCELADOS 2 ESPECIE", "ONCELADOS 2 ESPECIE\ONCELADOS 2 ESPECIE.vcxproj", "{A2097765-85A3-40CC-BEE1-37AA0BB0660F}"
EndProject
Project("{8BC9CEB8-8B4A-11D0-8D11-00A0C91BC942}") = "DODECAGONO 4 ESPECIE", "DODECAGONO 4 ESPECIE\DODECAGONO 4 ESPECIE.vcxproj", "{6418293B-F737-4EF1-9412-3567C72AD2E9}"
EndProject
Project("{2150E333-8FDC-42A3-9474-1A3956D46DE8}") = "ALEJANDRO TEJEDA MORENO 21TE0284", "ALEJANDRO TEJEDA MORENO 21TE0284", "{FE783C8A-E1F3-4537-B04F-A7C9B13DCF83}"
EndProject
Global
	GlobalSection(SolutionConfigurationPlatforms) = preSolution
		Debug|x64 = Debug|x64
		Debug|x86 = Debug|x86
		Release|x64 = Release|x64
		Release|x86 = Release|x86
	EndGlobalSection
	GlobalSection(ProjectConfigurationPlatforms) = postSolution
		{750130F0-A5AA-4BE2-AE25-476D4FE6E417}.Debug|x64.ActiveCfg = Debug|x64
		{750130F0-A5AA-4BE2-AE25-476D4FE6E417}.Debug|x64.Build.0 = Debug|x64
		{750130F0-A5AA-4BE2-AE25-476D4FE6E417}.Debug|x86.ActiveCfg = Debug|Win32
		{750130F0-A5AA-4BE2-AE25-476D4FE6E417}.Debug|x86.Build.0 = Debug|Win32
		{750130F0-A5AA-4BE2-AE25-476D4FE6E417}.Release|x64.ActiveCfg = Release|x64
		{750130F0-A5AA-4BE2-AE25-476D4FE6E417}.Release|x64.Build.0 = Release|x64
		{750130F0-A5AA-4BE2-AE25-476D4FE6E417}.Release|x86.ActiveCfg = Release|Win32
		{750130F0-A5AA-4BE2-AE25-476D4FE6E417}.Release|x86.Build.0 = Release|Win32
		{660DF0A0-E1FA-46FB-BF1C-2743FEC1DE26}.Debug|x64.ActiveCfg = Debug|x64
		{660DF0A0-E1FA-46FB-BF1C-2743FEC1DE26}.Debug|x64.Build.0 = Debug|x64
		{660DF0A0-E1FA-46FB-BF1C-2743FEC1DE26}.Debug|x86.ActiveCfg = Debug|Win32
		{660DF0A0-E1FA-46FB-BF1C-2743FEC1DE26}.Debug|x86.Build.0 = Debug|Win32
		{660DF0A0-E1FA-46FB-BF1C-2743FEC1DE26}.Release|x64.ActiveCfg = Release|x64
		{660DF0A0-E1FA-46FB-BF1C-2743FEC1DE26}.Release|x64.Build.0 = Release|x64
		{660DF0A0-E1FA-46FB-BF1C-2743FEC1DE26}.Release|x86.ActiveCfg = Release|Win32
		{660DF0A0-E1FA-46FB-BF1C-2743FEC1DE26}.Release|x86.Build.0 = Release|Win32
		{147A20FD-D00C-4156-ACB1-399E1D6170CA}.Debug|x64.ActiveCfg = Debug|x64
		{147A20FD-D00C-4156-ACB1-399E1D6170CA}.Debug|x64.Build.0 = Debug|x64
		{147A20FD-D00C-4156-ACB1-399E1D6170CA}.Debug|x86.ActiveCfg = Debug|Win32
		{147A20FD-D00C-4156-ACB1-399E1D6170CA}.Debug|x86.Build.0 = Debug|Win32
		{147A20FD-D00C-4156-ACB1-399E1D6170CA}.Release|x64.ActiveCfg = Release|x64
		{147A20FD-D00C-4156-ACB1-399E1D6170CA}.Release|x64.Build.0 = Release|x64
		{147A20FD-D00C-4156-ACB1-399E1D6170CA}.Release|x86.ActiveCfg = Release|Win32
		{147A20FD-D00C-4156-ACB1-399E1D6170CA}.Release|x86.Build.0 = Release|Win32
		{F98131EF-A4EA-4DA8-8A8B-29825932C299}.Debug|x64.ActiveCfg = Debug|x64
		{F98131EF-A4EA-4DA8-8A8B-29825932C299}.Debug|x64.Build.0 = Debug|x64
		{F98131EF-A4EA-4DA8-8A8B-29825932C299}.Debug|x86.ActiveCfg = Debug|Win32
		{F98131EF-A4EA-4DA8-8A8B-29825932C299}.Debug|x86.Build.0 = Debug|Win32
		{F98131EF-A4EA-4DA8-8A8B-29825932C299}.Release|x64.ActiveCfg = Release|x64
		{F98131EF-A4EA-4DA8-8A8B-29825932C299}.Release|x64.Build.0 = Release|x64
		{F98131EF-A4EA-4DA8-8A8B-29825932C299}.Release|x86.ActiveCfg = Release|Win32
		{F98131EF-A4EA-4DA8-8A8B-29825932C299}.Release|x86.Build.0 = Release|Win32
		{6BAFC852-0D38-4360-99EF-40DED3C766B1}.Debug|x64.ActiveCfg = Debug|x64
		{6BAFC852-0D38-4360-99EF-40DED3C766B1}.Debug|x64.Build.0 = Debug|x64
		{6BAFC852-0D38-4360-99EF-40DED3C766B1}.Debug|x86.ActiveCfg = Debug|Win32
		{6BAFC852-0D38-4360-99EF-40DED3C766B1}.Debug|x86.Build.0 = Debug|Win32
		{6BAFC852-0D38-4360-99EF-40DED3C766B1}.Release|x64.ActiveCfg = Release|x64
		{6BAFC852-0D38-4360-99EF-40DED3C766B1}.Release|x64.Build.0 = Release|x64
		{6BAFC852-0D38-4360-99EF-40DED3C766B1}.Release|x86.ActiveCfg = Release|Win32
		{6BAFC852-0D38-4360-99EF-40DED3C766B1}.Release|x86.Build.0 = Release|Win32
		{1797B220-D206-4E89-9D74-664DB53C7287}.Debug|x64.ActiveCfg = Debug|x64
		{1797B220-D206-4E89-9D74-664DB53C7287}.Debug|x64.Build.0 = Debug|x64
		{1797B220-D206-4E89-9D74-664DB53C7287}.Debug|x86.ActiveCfg = Debug|Win32
		{1797B220-D206-4E89-9D74-664DB53C7287}.Debug|x86.Build.0 = Debug|Win32
		{1797B220-D206-4E89-9D74-664DB53C7287}.Release|x64.ActiveCfg = Release|x64
		{1797B220-D206-4E89-9D74-664DB53C7287}.Release|x64.Build.0 = Release|x64
		{1797B220-D206-4E89-9D74-664DB53C7287}.Release|x86.ActiveCfg = Release|Win32
		{1797B220-D206-4E89-9D74-664DB53C7287}.Release|x86.Build.0 = Release|Win32
		{5985947B-5B17-4537-8DF4-A38155810400}.Debug|x64.ActiveCfg = Debug|x64
		{5985947B-5B17-4537-8DF4-A38155810400}.Debug|x64.Build.0 = Debug|x64
		{5985947B-5B17-4537-8DF4-A38155810400}.Debug|x86.ActiveCfg = Debug|Win32
		{5985947B-5B17-4537-8DF4-A38155810400}.Debug|x86.Build.0 = Debug|Win32
		{5985947B-5B17-4537-8DF4-A38155810400}.Release|x64.ActiveCfg = Release|x64
		{5985947B-5B17-4537-8DF4-A38155810400}.Release|x64.Build.0 = Release|x64
		{5985947B-5B17-4537-8DF4-A38155810400}.Release|x86.ActiveCfg = Release|Win32
		{5985947B-5B17-4537-8DF4-A38155810400}.Release|x86.Build.0 = Release|Win32
		{F1EEB04B-B892-49FB-B162-E13701CFBF30}.Debug|x64.ActiveCfg = Debug|x64
		{F1EEB04B-B892-49FB-B162-E13701CFBF30}.Debug|x64.Build.0 = Debug|x64
		{F1EEB04B-B892-49FB-B162-E13701CFBF30}.Debug|x86.ActiveCfg = Debug|Win32
		{F1EEB04B-B892-49FB-B162-E13701CFBF30}.Debug|x86.Build.0 = Debug|Win32
		{F1EEB04B-B892-49FB-B162-E13701CFBF30}.Release|x64.ActiveCfg = Release|x64
		{F1EEB04B-B892-49FB-B162-E13701CFBF30}.Release|x64.Build.0 = Release|x64
		{F1EEB04B-B892-49FB-B162-E13701CFBF30}.Release|x86.ActiveCfg = Release|Win32
		{F1EEB04B-B892-49FB-B162-E13701CFBF30}.Release|x86.Build.0 = Release|Win32
		{6F6F315C-FE85-40BF-8ACA-3DA71C676EAB}.Debug|x64.ActiveCfg = Debug|x64
		{6F6F315C-FE85-40BF-8ACA-3DA71C676EAB}.Debug|x64.Build.0 = Debug|x64
		{6F6F315C-FE85-40BF-8ACA-3DA71C676EAB}.Debug|x86.ActiveCfg = Debug|Win32
		{6F6F315C-FE85-40BF-8ACA-3DA71C676EAB}.Debug|x86.Build.0 = Debug|Win32
		{6F6F315C-FE85-40BF-8ACA-3DA71C676EAB}.Release|x64.ActiveCfg = Release|x64
		{6F6F315C-FE85-40BF-8ACA-3DA71C676EAB}.Release|x64.Build.0 = Release|x64
		{6F6F315C-FE85-40BF-8ACA-3DA71C676EAB}.Release|x86.ActiveCfg = Release|Win32
		{6F6F315C-FE85-40BF-8ACA-3DA71C676EAB}.Release|x86.Build.0 = Release|Win32
		{E104FD4D-01DC-4221-9042-A984BFAE1308}.Debug|x64.ActiveCfg = Debug|x64
		{E104FD4D-01DC-4221-9042-A984BFAE1308}.Debug|x64.Build.0 = Debug|x64
		{E104FD4D-01DC-4221-9042-A984BFAE1308}.Debug|x86.ActiveCfg = Debug|Win32
		{E104FD4D-01DC-4221-9042-A984BFAE1308}.Debug|x86.Build.0 = Debug|Win32
		{E104FD4D-01DC-4221-9042-A984BFAE1308}.Release|x64.ActiveCfg = Release|x64
		{E104FD4D-01DC-4221-9042-A984BFAE1308}.Release|x64.Build.0 = Release|x64
		{E104FD4D-01DC-4221-9042-A984BFAE1308}.Release|x86.ActiveCfg = Release|Win32
		{E104FD4D-01DC-4221-9042-A984BFAE1308}.Release|x86.Build.0 = Release|Win32
		{A2097765-85A3-40CC-BEE1-37AA0BB0660F}.Debug|x64.ActiveCfg = Debug|x64
		{A2097765-85A3-40CC-BEE1-37AA0BB0660F}.Debug|x64.Build.0 = Debug|x64
		{A2097765-85A3-40CC-BEE1-37AA0BB0660F}.Debug|x86.ActiveCfg = Debug|Win32
		{A2097765-85A3-40CC-BEE1-37AA0BB0660F}.Debug|x86.Build.0 = Debug|Win32
		{A2097765-85A3-40CC-BEE1-37AA0BB0660F}.Release|x64.ActiveCfg = Release|x64
		{A2097765-85A3-40CC-BEE1-37AA0BB0660F}.Release|x64.Build.0 = Release|x64
		{A2097765-85A3-40CC-BEE1-37AA0BB0660F}.Release|x86.ActiveCfg = Release|Win32
		{A2097765-85A3-40CC-BEE1-37AA0BB0660F}.Release|x86.Build.0 = Release|Win32
		{6418293B-F737-4EF1-9412-3567C72AD2E9}.Debug|x64.ActiveCfg = Debug|x64
		{6418293B-F737-4EF1-9412-3567C72AD2E9}.Debug|x64.Build.0 = Debug|x64
		{6418293B-F737-4EF1-9412-3567C72AD2E9}.Debug|x86.ActiveCfg = Debug|Win32
		{6418293B-F737-4EF1-9412-3567C72AD2E9}.Debug|x86.Build.0 = Debug|Win32
		{6418293B-F737-4EF1-9412-3567C72AD2E9}.Release|x64.ActiveCfg = Release|x64
		{6418293B-F737-4EF1-9412-3567C72AD2E9}.Release|x64.Build.0 = Release|x64
		{6418293B-F737-4EF1-9412-3567C72AD2E9}.Release|x86.ActiveCfg = Release|Win32
		{6418293B-F737-4EF1-9412-3567C72AD2E9}.Release|x86.Build.0 = Release|Win32
	EndGlobalSection
	GlobalSection(SolutionProperties) = preSolution
		HideSolutionNode = FALSE
	EndGlobalSection
	GlobalSection(NestedProjects) = preSolution
		{750130F0-A5AA-4BE2-AE25-476D4FE6E417} = {FE783C8A-E1F3-4537-B04F-A7C9B13DCF83}
		{660DF0A0-E1FA-46FB-BF1C-2743FEC1DE26} = {FE783C8A-E1F3-4537-B04F-A7C9B13DCF83}
		{147A20FD-D00C-4156-ACB1-399E1D6170CA} = {FE783C8A-E1F3-4537-B04F-A7C9B13DCF83}
		{F98131EF-A4EA-4DA8-8A8B-29825932C299} = {FE783C8A-E1F3-4537-B04F-A7C9B13DCF83}
		{6BAFC852-0D38-4360-99EF-40DED3C766B1} = {FE783C8A-E1F3-4537-B04F-A7C9B13DCF83}
		{1797B220-D206-4E89-9D74-664DB53C7287} = {FE783C8A-E1F3-4537-B04F-A7C9B13DCF83}
		{5985947B-5B17-4537-8DF4-A38155810400} = {FE783C8A-E1F3-4537-B04F-A7C9B13DCF83}
		{F1EEB04B-B892-49FB-B162-E13701CFBF30} = {FE783C8A-E1F3-4537-B04F-A7C9B13DCF83}
		{6F6F315C-FE85-40BF-8ACA-3DA71C676EAB} = {FE783C8A-E1F3-4537-B04F-A7C9B13DCF83}
		{E104FD4D-01DC-4221-9042-A984BFAE1308} = {FE783C8A-E1F3-4537-B04F-A7C9B13DCF83}
		{A2097765-85A3-40CC-BEE1-37AA0BB0660F} = {FE783C8A-E1F3-4537-B04F-A7C9B13DCF83}
		{6418293B-F737-4EF1-9412-3567C72AD2E9} = {FE783C8A-E1F3-4537-B04F-A7C9B13DCF83}
	EndGlobalSection
	GlobalSection(ExtensibilityGlobals) = postSolution
		SolutionGuid = {B26949D9-D07F-4D03-8E4E-30251F40BE4F}
	EndGlobalSection
EndGlobal
